
Microsoft Visual Studio Solution File, Format Version 12.00
# Visual Studio Version 16
VisualStudioVersion = 16.0.29319.158
MinimumVisualStudioVersion = 10.0.40219.1
Project("{9A19103F-16F7-4668-BE54-9A1E7A4F7556}") = "ChessStats", "ChessStats\ChessStats.csproj", "{53A3ECAA-941D-450E-BFF6-216BB2FA5AAE}"
EndProject
Project("{9A19103F-16F7-4668-BE54-9A1E7A4F7556}") = "ChessDotComSharp", "..\ChessDotComSharp\ChessDotComSharp.csproj", "{ED1BF588-3414-40A1-98D3-DBBB48449B1F}"
EndProject
Project("{2150E333-8FDC-42A3-9474-1A3956D46DE8}") = "Solution Items", "Solution Items", "{7257B57D-3133-4CA8-8368-AF0BD48BE35C}"
	ProjectSection(SolutionItems) = preProject
		.editorconfig = .editorconfig
		Notes.txt = Notes.txt
	EndProjectSection
EndProject
Global
	GlobalSection(SolutionConfigurationPlatforms) = preSolution
		Debug|Any CPU = Debug|Any CPU
		Release|Any CPU = Release|Any CPU
	EndGlobalSection
	GlobalSection(ProjectConfigurationPlatforms) = postSolution
		{53A3ECAA-941D-450E-BFF6-216BB2FA5AAE}.Debug|Any CPU.ActiveCfg = Debug|Any CPU
		{53A3ECAA-941D-450E-BFF6-216BB2FA5AAE}.Debug|Any CPU.Build.0 = Debug|Any CPU
		{53A3ECAA-941D-450E-BFF6-216BB2FA5AAE}.Release|Any CPU.ActiveCfg = Release|Any CPU
		{53A3ECAA-941D-450E-BFF6-216BB2FA5AAE}.Release|Any CPU.Build.0 = Release|Any CPU
		{ED1BF588-3414-40A1-98D3-DBBB48449B1F}.Debug|Any CPU.ActiveCfg = Debug|Any CPU
		{ED1BF588-3414-40A1-98D3-DBBB48449B1F}.Debug|Any CPU.Build.0 = Debug|Any CPU
		{ED1BF588-3414-40A1-98D3-DBBB48449B1F}.Release|Any CPU.ActiveCfg = Release|Any CPU
		{ED1BF588-3414-40A1-98D3-DBBB48449B1F}.Release|Any CPU.Build.0 = Release|Any CPU
	EndGlobalSection
	GlobalSection(SolutionProperties) = preSolution
		HideSolutionNode = FALSE
	EndGlobalSection
	GlobalSection(ExtensibilityGlobals) = postSolution
		SolutionGuid = {82AEB3D9-7D57-439F-AEA9-34D537AE8615}
	EndGlobalSection
EndGlobal
